
Microsoft Visual Studio Solution File, Format Version 12.00
# Visual Studio 14
VisualStudioVersion = 14.0.24720.0
MinimumVisualStudioVersion = 10.0.40219.1
Project("{FAE04EC0-301F-11D3-BF4B-00C04F79EFBC}") = "TaskListUtils", "TaskListUtils\TaskListUtils.csproj", "{48D6AA9C-245D-4291-A14A-6370E6FCD1F6}"
EndProject
Project("{FAE04EC0-301F-11D3-BF4B-00C04F79EFBC}") = "TaskListServer", "TaskListServer\TaskListServer.csproj", "{3DD21E95-6DA8-4705-B2C9-569FC42BB928}"
EndProject
Project("{FAE04EC0-301F-11D3-BF4B-00C04F79EFBC}") = "TaskListModels", "TaskListModels\TaskListModels.csproj", "{3286799D-A175-48F6-913C-0B1D59C5A120}"
EndProject
Global
	GlobalSection(SolutionConfigurationPlatforms) = preSolution
		Debug|Any CPU = Debug|Any CPU
		Release|Any CPU = Release|Any CPU
	EndGlobalSection
	GlobalSection(ProjectConfigurationPlatforms) = postSolution
		{48D6AA9C-245D-4291-A14A-6370E6FCD1F6}.Debug|Any CPU.ActiveCfg = Debug|Any CPU
		{48D6AA9C-245D-4291-A14A-6370E6FCD1F6}.Debug|Any CPU.Build.0 = Debug|Any CPU
		{48D6AA9C-245D-4291-A14A-6370E6FCD1F6}.Release|Any CPU.ActiveCfg = Release|Any CPU
		{48D6AA9C-245D-4291-A14A-6370E6FCD1F6}.Release|Any CPU.Build.0 = Release|Any CPU
		{3DD21E95-6DA8-4705-B2C9-569FC42BB928}.Debug|Any CPU.ActiveCfg = Debug|Any CPU
		{3DD21E95-6DA8-4705-B2C9-569FC42BB928}.Debug|Any CPU.Build.0 = Debug|Any CPU
		{3DD21E95-6DA8-4705-B2C9-569FC42BB928}.Release|Any CPU.ActiveCfg = Release|Any CPU
		{3DD21E95-6DA8-4705-B2C9-569FC42BB928}.Release|Any CPU.Build.0 = Release|Any CPU
		{3286799D-A175-48F6-913C-0B1D59C5A120}.Debug|Any CPU.ActiveCfg = Debug|Any CPU
		{3286799D-A175-48F6-913C-0B1D59C5A120}.Debug|Any CPU.Build.0 = Debug|Any CPU
		{3286799D-A175-48F6-913C-0B1D59C5A120}.Release|Any CPU.ActiveCfg = Release|Any CPU
		{3286799D-A175-48F6-913C-0B1D59C5A120}.Release|Any CPU.Build.0 = Release|Any CPU
	EndGlobalSection
	GlobalSection(SolutionProperties) = preSolution
		HideSolutionNode = FALSE
	EndGlobalSection
EndGlobal
